
Microsoft Visual Studio Solution File, Format Version 12.00
# Visual Studio Version 17
VisualStudioVersion = 17.12.35707.178
MinimumVisualStudioVersion = 10.0.40219.1
Project("{FAE04EC0-301F-11D3-BF4B-00C04F79EFBC}") = "SmartParking", "SmartParking\SmartParking.csproj", "{B943A692-207B-424B-9AF3-1DD75BD2FA57}"
EndProject
Project("{FAE04EC0-301F-11D3-BF4B-00C04F79EFBC}") = "SmartParkingTests", "SmartParkingTests\SmartParkingTests.csproj", "{500FEF3F-B8A1-43C8-827E-6D1C159C3417}"
EndProject
Global
	GlobalSection(SolutionConfigurationPlatforms) = preSolution
		Debug|Any CPU = Debug|Any CPU
		Release|Any CPU = Release|Any CPU
	EndGlobalSection
	GlobalSection(ProjectConfigurationPlatforms) = postSolution
		{B943A692-207B-424B-9AF3-1DD75BD2FA57}.Debug|Any CPU.ActiveCfg = Debug|Any CPU
		{B943A692-207B-424B-9AF3-1DD75BD2FA57}.Debug|Any CPU.Build.0 = Debug|Any CPU
		{B943A692-207B-424B-9AF3-1DD75BD2FA57}.Release|Any CPU.ActiveCfg = Release|Any CPU
		{B943A692-207B-424B-9AF3-1DD75BD2FA57}.Release|Any CPU.Build.0 = Release|Any CPU
		{500FEF3F-B8A1-43C8-827E-6D1C159C3417}.Debug|Any CPU.ActiveCfg = Debug|Any CPU
		{500FEF3F-B8A1-43C8-827E-6D1C159C3417}.Debug|Any CPU.Build.0 = Debug|Any CPU
		{500FEF3F-B8A1-43C8-827E-6D1C159C3417}.Release|Any CPU.ActiveCfg = Release|Any CPU
		{500FEF3F-B8A1-43C8-827E-6D1C159C3417}.Release|Any CPU.Build.0 = Release|Any CPU
	EndGlobalSection
	GlobalSection(SolutionProperties) = preSolution
		HideSolutionNode = FALSE
	EndGlobalSection
EndGlobal
